
Microsoft Visual Studio Solution File, Format Version 12.00
# Visual Studio Version 16
VisualStudioVersion = 16.0.29920.165
MinimumVisualStudioVersion = 10.0.40219.1
Project("{FAE04EC0-301F-11D3-BF4B-00C04F79EFBC}") = "VisorLibretaTelefonica", "VisorLibretaTelefonica\VisorLibretaTelefonica.csproj", "{271BFA11-83C3-406F-B818-5F71CCC4BB2F}"
EndProject
Global
	GlobalSection(SolutionConfigurationPlatforms) = preSolution
		Debug|Any CPU = Debug|Any CPU
		Release|Any CPU = Release|Any CPU
	EndGlobalSection
	GlobalSection(ProjectConfigurationPlatforms) = postSolution
		{271BFA11-83C3-406F-B818-5F71CCC4BB2F}.Debug|Any CPU.ActiveCfg = Debug|Any CPU
		{271BFA11-83C3-406F-B818-5F71CCC4BB2F}.Debug|Any CPU.Build.0 = Debug|Any CPU
		{271BFA11-83C3-406F-B818-5F71CCC4BB2F}.Release|Any CPU.ActiveCfg = Release|Any CPU
		{271BFA11-83C3-406F-B818-5F71CCC4BB2F}.Release|Any CPU.Build.0 = Release|Any CPU
	EndGlobalSection
	GlobalSection(SolutionProperties) = preSolution
		HideSolutionNode = FALSE
	EndGlobalSection
	GlobalSection(ExtensibilityGlobals) = postSolution
		SolutionGuid = {D1DCB2A3-F764-4DBB-900D-A2748F603B37}
	EndGlobalSection
EndGlobal
